
Microsoft Visual Studio Solution File, Format Version 12.00
# Visual Studio Version 17
VisualStudioVersion = 17.11.35303.130
MinimumVisualStudioVersion = 10.0.40219.1
Project("{2150E333-8FDC-42A3-9474-1A3956D46DE8}") = "task0", "task0", "{D89A15DE-C520-458D-96AC-B8F74F5A2EDA}"
EndProject
Project("{FAE04EC0-301F-11D3-BF4B-00C04F79EFBC}") = "Tyuiu.GulahmedovTE.Sprint4.Task0.V11", "Tyuiu.GulahmedovTE.Sprint4.Task0.V11\Tyuiu.GulahmedovTE.Sprint4.Task0.V11.csproj", "{BDCB19CC-B3C0-43BA-A42E-5C72D1617F7F}"
EndProject
Project("{FAE04EC0-301F-11D3-BF4B-00C04F79EFBC}") = "Tyuiu.GulahmedovTE.Sprint4.Task0.V11.Test", "Tyuiu.GulahmedovTE.Sprint4.Task0.V11.Test\Tyuiu.GulahmedovTE.Sprint4.Task0.V11.Test.csproj", "{D7A35591-9926-42D0-83AB-2FE1BD746702}"
EndProject
Project("{FAE04EC0-301F-11D3-BF4B-00C04F79EFBC}") = "Tyuiu.GulahmedovTE.Sprint4.Task0.V11.Lib", "Tyuiu.GulahmedovTE.Sprint4.Task0.V11.Lib\Tyuiu.GulahmedovTE.Sprint4.Task0.V11.Lib.csproj", "{727EEDF2-706C-4D4B-B5FE-A1C76493104D}"
EndProject
Global
	GlobalSection(SolutionConfigurationPlatforms) = preSolution
		Debug|Any CPU = Debug|Any CPU
		Release|Any CPU = Release|Any CPU
	EndGlobalSection
	GlobalSection(ProjectConfigurationPlatforms) = postSolution
		{BDCB19CC-B3C0-43BA-A42E-5C72D1617F7F}.Debug|Any CPU.ActiveCfg = Debug|Any CPU
		{BDCB19CC-B3C0-43BA-A42E-5C72D1617F7F}.Debug|Any CPU.Build.0 = Debug|Any CPU
		{BDCB19CC-B3C0-43BA-A42E-5C72D1617F7F}.Release|Any CPU.ActiveCfg = Release|Any CPU
		{BDCB19CC-B3C0-43BA-A42E-5C72D1617F7F}.Release|Any CPU.Build.0 = Release|Any CPU
		{D7A35591-9926-42D0-83AB-2FE1BD746702}.Debug|Any CPU.ActiveCfg = Debug|Any CPU
		{D7A35591-9926-42D0-83AB-2FE1BD746702}.Debug|Any CPU.Build.0 = Debug|Any CPU
		{D7A35591-9926-42D0-83AB-2FE1BD746702}.Release|Any CPU.ActiveCfg = Release|Any CPU
		{D7A35591-9926-42D0-83AB-2FE1BD746702}.Release|Any CPU.Build.0 = Release|Any CPU
		{727EEDF2-706C-4D4B-B5FE-A1C76493104D}.Debug|Any CPU.ActiveCfg = Debug|Any CPU
		{727EEDF2-706C-4D4B-B5FE-A1C76493104D}.Debug|Any CPU.Build.0 = Debug|Any CPU
		{727EEDF2-706C-4D4B-B5FE-A1C76493104D}.Release|Any CPU.ActiveCfg = Release|Any CPU
		{727EEDF2-706C-4D4B-B5FE-A1C76493104D}.Release|Any CPU.Build.0 = Release|Any CPU
	EndGlobalSection
	GlobalSection(SolutionProperties) = preSolution
		HideSolutionNode = FALSE
	EndGlobalSection
	GlobalSection(NestedProjects) = preSolution
		{BDCB19CC-B3C0-43BA-A42E-5C72D1617F7F} = {D89A15DE-C520-458D-96AC-B8F74F5A2EDA}
		{D7A35591-9926-42D0-83AB-2FE1BD746702} = {D89A15DE-C520-458D-96AC-B8F74F5A2EDA}
		{727EEDF2-706C-4D4B-B5FE-A1C76493104D} = {D89A15DE-C520-458D-96AC-B8F74F5A2EDA}
	EndGlobalSection
	GlobalSection(ExtensibilityGlobals) = postSolution
		SolutionGuid = {45FB4756-8962-4968-BF00-6F35EEC2F28B}
	EndGlobalSection
EndGlobal
