
Microsoft Visual Studio Solution File, Format Version 12.00
# Visual Studio Version 17
VisualStudioVersion = 17.11.35303.130
MinimumVisualStudioVersion = 10.0.40219.1
Project("{2150E333-8FDC-42A3-9474-1A3956D46DE8}") = "task0", "task0", "{D89A15DE-C520-458D-96AC-B8F74F5A2EDA}"
EndProject
Project("{9A19103F-16F7-4668-BE54-9A1E7A4F7556}") = "Tyuiu.GulahmedovTE.Sprint4.Task0.V11", "Tyuiu.GulahmedovTE.Sprint4.Task0.V11\Tyuiu.GulahmedovTE.Sprint4.Task0.V11.csproj", "{BDCB19CC-B3C0-43BA-A42E-5C72D1617F7F}"
EndProject
Project("{9A19103F-16F7-4668-BE54-9A1E7A4F7556}") = "Tyuiu.GulahmedovTE.Sprint4.Task0.V11.Test", "Tyuiu.GulahmedovTE.Sprint4.Task0.V11.Test\Tyuiu.GulahmedovTE.Sprint4.Task0.V11.Test.csproj", "{D7A35591-9926-42D0-83AB-2FE1BD746702}"
EndProject
Project("{9A19103F-16F7-4668-BE54-9A1E7A4F7556}") = "Tyuiu.GulahmedovTE.Sprint4.Task0.V11.Lib", "Tyuiu.GulahmedovTE.Sprint4.Task0.V11.Lib\Tyuiu.GulahmedovTE.Sprint4.Task0.V11.Lib.csproj", "{727EEDF2-706C-4D4B-B5FE-A1C76493104D}"
EndProject
Project("{2150E333-8FDC-42A3-9474-1A3956D46DE8}") = "task1", "task1", "{149E3DAC-A14A-418F-ABCF-B143ABACD3C6}"
EndProject
Project("{9A19103F-16F7-4668-BE54-9A1E7A4F7556}") = "Tyuiu.GulahmedovTE.Sprint4.Task1.V15", "Tyuiu.GulahmedovTE.Sprint4.Task1.V15\Tyuiu.GulahmedovTE.Sprint4.Task1.V15.csproj", "{3D71030F-550D-4A8F-9EB3-081FEF7B5AD6}"
EndProject
Project("{9A19103F-16F7-4668-BE54-9A1E7A4F7556}") = "Tyuiu.GulahmedovTE.Sprint4.Task1.V15.Lib", "Tyuiu.GulahmedovTE.Sprint4.Task1.V15.Lib\Tyuiu.GulahmedovTE.Sprint4.Task1.V15.Lib.csproj", "{7479668F-5899-45DE-93CA-EC1C1515507A}"
EndProject
Project("{9A19103F-16F7-4668-BE54-9A1E7A4F7556}") = "Tyuiu.GulahmedovTE.Sprint4.Task1.V15.Test", "Tyuiu.GulahmedovTE.Sprint4.Task1.V15.Test\Tyuiu.GulahmedovTE.Sprint4.Task1.V15.Test.csproj", "{C022C844-CFE3-4A5F-ABFF-397AC7410967}"
EndProject
Project("{2150E333-8FDC-42A3-9474-1A3956D46DE8}") = "task2", "task2", "{F4CA0142-1F7F-4E43-AEE2-B14574C63979}"
EndProject
Project("{9A19103F-16F7-4668-BE54-9A1E7A4F7556}") = "Tyuiu.GulahmedovTE.Sprint4.Task2.V23.Lib", "Tyuiu.GulahmedovTE.Sprint4.Task2.V23.Lib\Tyuiu.GulahmedovTE.Sprint4.Task2.V23.Lib.csproj", "{44038098-94FD-4911-B7EA-9072AEF31822}"
EndProject
Project("{9A19103F-16F7-4668-BE54-9A1E7A4F7556}") = "Tyuiu.GulahmedovTE.Sprint4.Task2.V23.Test", "Tyuiu.GulahmedovTE.Sprint4.Task2.V23.Test\Tyuiu.GulahmedovTE.Sprint4.Task2.V23.Test.csproj", "{AD9D527C-0F64-4E7D-B767-24C4E6FEDFB4}"
EndProject
Project("{9A19103F-16F7-4668-BE54-9A1E7A4F7556}") = "Tyuiu.GulahmedovTE.Sprint4.Task2.V23", "Tyuiu.GulahmedovTE.Sprint4.Task2.V23\Tyuiu.GulahmedovTE.Sprint4.Task2.V23.csproj", "{D01C5E82-5119-4E85-A5E4-1E0D80E7C937}"
EndProject
Project("{2150E333-8FDC-42A3-9474-1A3956D46DE8}") = "task3", "task3", "{41E3AEC4-66AE-4A8C-9F8F-45A9E4106AAD}"
EndProject
Project("{9A19103F-16F7-4668-BE54-9A1E7A4F7556}") = "Tyuiu.GulahmedovTE.Sprint4.Task3.V2", "Tyuiu.GulahmedovTE.Sprint4.Task3.V2\Tyuiu.GulahmedovTE.Sprint4.Task3.V2.csproj", "{048E0857-72B2-47FF-A288-BA14D9F5BBD9}"
EndProject
Project("{9A19103F-16F7-4668-BE54-9A1E7A4F7556}") = "Tyuiu.GulahmedovTE.Sprint4.Task3.V2.Test", "Tyuiu.GulahmedovTE.Sprint4.Task3.V2.Test\Tyuiu.GulahmedovTE.Sprint4.Task3.V2.Test.csproj", "{825DF5DB-FE14-4031-B9F2-DA817785FD72}"
EndProject
Project("{9A19103F-16F7-4668-BE54-9A1E7A4F7556}") = "Tyuiu.GulahmedovTE.Sprint4.Task3.V2.Lib", "Tyuiu.GulahmedovTE.Sprint4.Task3.V2.Lib\Tyuiu.GulahmedovTE.Sprint4.Task3.V2.Lib.csproj", "{10C1C3A2-AB02-4DF8-BC9D-E95642C7B2D5}"
EndProject
Project("{2150E333-8FDC-42A3-9474-1A3956D46DE8}") = "task4", "task4", "{A25AABCF-C963-42CB-BAC5-8D0ED83D76F9}"
EndProject
Project("{FAE04EC0-301F-11D3-BF4B-00C04F79EFBC}") = "Tyuiu.GulahmedovTE.Sprint4.Task4.V3.Lib", "Tyuiu.GulahmedovTE.Sprint4.Task4.V3.Lib\Tyuiu.GulahmedovTE.Sprint4.Task4.V3.Lib.csproj", "{CD851595-F158-4542-9058-3A0C134E0EB5}"
EndProject
Project("{FAE04EC0-301F-11D3-BF4B-00C04F79EFBC}") = "Tyuiu.GulahmedovTE.Sprint4.Task4.V3.Test", "Tyuiu.GulahmedovTE.Sprint4.Task4.V3.Test\Tyuiu.GulahmedovTE.Sprint4.Task4.V3.Test.csproj", "{65D475EE-64A4-460C-9B82-14457FEB4157}"
EndProject
Project("{FAE04EC0-301F-11D3-BF4B-00C04F79EFBC}") = "Tyuiu.GulahmedovTE.Sprint4.Task4.V3", "Tyuiu.GulahmedovTE.Sprint4.Task4.V3\Tyuiu.GulahmedovTE.Sprint4.Task4.V3.csproj", "{CE88B040-774F-40D3-A654-E1600FECA1D0}"
EndProject
Project("{2150E333-8FDC-42A3-9474-1A3956D46DE8}") = "task5", "task5", "{C95D0502-43B3-4BAE-99EA-6DF1D320D7BE}"
EndProject
Project("{FAE04EC0-301F-11D3-BF4B-00C04F79EFBC}") = "Tyuiu.GulahmedovTE.Sprint4.Task5.V13.Lib", "Tyuiu.GulahmedovTE.Sprint4.Task5.V13.Lib\Tyuiu.GulahmedovTE.Sprint4.Task5.V13.Lib.csproj", "{67D45CAB-756C-457E-9B3D-C4DE981533D8}"
EndProject
Project("{FAE04EC0-301F-11D3-BF4B-00C04F79EFBC}") = "Tyuiu.GulahmedovTE.Sprint4.Task5.V13", "Tyuiu.GulahmedovTE.Sprint4.Task5.V13\Tyuiu.GulahmedovTE.Sprint4.Task5.V13.csproj", "{6E54F9EF-00BE-40CC-B6F5-42F205E59F06}"
EndProject
Project("{FAE04EC0-301F-11D3-BF4B-00C04F79EFBC}") = "Tyuiu.GulahmedovTE.Sprint4.Task5.V13.Test", "Tyuiu.GulahmedovTE.Sprint4.Task5.V13.Test\Tyuiu.GulahmedovTE.Sprint4.Task5.V13.Test.csproj", "{367F8ADA-8149-49F4-B346-78AAF715E71B}"
EndProject
Global
	GlobalSection(SolutionConfigurationPlatforms) = preSolution
		Debug|Any CPU = Debug|Any CPU
		Release|Any CPU = Release|Any CPU
	EndGlobalSection
	GlobalSection(ProjectConfigurationPlatforms) = postSolution
		{BDCB19CC-B3C0-43BA-A42E-5C72D1617F7F}.Debug|Any CPU.ActiveCfg = Debug|Any CPU
		{BDCB19CC-B3C0-43BA-A42E-5C72D1617F7F}.Debug|Any CPU.Build.0 = Debug|Any CPU
		{BDCB19CC-B3C0-43BA-A42E-5C72D1617F7F}.Release|Any CPU.ActiveCfg = Release|Any CPU
		{BDCB19CC-B3C0-43BA-A42E-5C72D1617F7F}.Release|Any CPU.Build.0 = Release|Any CPU
		{D7A35591-9926-42D0-83AB-2FE1BD746702}.Debug|Any CPU.ActiveCfg = Debug|Any CPU
		{D7A35591-9926-42D0-83AB-2FE1BD746702}.Debug|Any CPU.Build.0 = Debug|Any CPU
		{D7A35591-9926-42D0-83AB-2FE1BD746702}.Release|Any CPU.ActiveCfg = Release|Any CPU
		{D7A35591-9926-42D0-83AB-2FE1BD746702}.Release|Any CPU.Build.0 = Release|Any CPU
		{727EEDF2-706C-4D4B-B5FE-A1C76493104D}.Debug|Any CPU.ActiveCfg = Debug|Any CPU
		{727EEDF2-706C-4D4B-B5FE-A1C76493104D}.Debug|Any CPU.Build.0 = Debug|Any CPU
		{727EEDF2-706C-4D4B-B5FE-A1C76493104D}.Release|Any CPU.ActiveCfg = Release|Any CPU
		{727EEDF2-706C-4D4B-B5FE-A1C76493104D}.Release|Any CPU.Build.0 = Release|Any CPU
		{3D71030F-550D-4A8F-9EB3-081FEF7B5AD6}.Debug|Any CPU.ActiveCfg = Debug|Any CPU
		{3D71030F-550D-4A8F-9EB3-081FEF7B5AD6}.Debug|Any CPU.Build.0 = Debug|Any CPU
		{3D71030F-550D-4A8F-9EB3-081FEF7B5AD6}.Release|Any CPU.ActiveCfg = Release|Any CPU
		{3D71030F-550D-4A8F-9EB3-081FEF7B5AD6}.Release|Any CPU.Build.0 = Release|Any CPU
		{7479668F-5899-45DE-93CA-EC1C1515507A}.Debug|Any CPU.ActiveCfg = Debug|Any CPU
		{7479668F-5899-45DE-93CA-EC1C1515507A}.Debug|Any CPU.Build.0 = Debug|Any CPU
		{7479668F-5899-45DE-93CA-EC1C1515507A}.Release|Any CPU.ActiveCfg = Release|Any CPU
		{7479668F-5899-45DE-93CA-EC1C1515507A}.Release|Any CPU.Build.0 = Release|Any CPU
		{C022C844-CFE3-4A5F-ABFF-397AC7410967}.Debug|Any CPU.ActiveCfg = Debug|Any CPU
		{C022C844-CFE3-4A5F-ABFF-397AC7410967}.Debug|Any CPU.Build.0 = Debug|Any CPU
		{C022C844-CFE3-4A5F-ABFF-397AC7410967}.Release|Any CPU.ActiveCfg = Release|Any CPU
		{C022C844-CFE3-4A5F-ABFF-397AC7410967}.Release|Any CPU.Build.0 = Release|Any CPU
		{44038098-94FD-4911-B7EA-9072AEF31822}.Debug|Any CPU.ActiveCfg = Debug|Any CPU
		{44038098-94FD-4911-B7EA-9072AEF31822}.Debug|Any CPU.Build.0 = Debug|Any CPU
		{44038098-94FD-4911-B7EA-9072AEF31822}.Release|Any CPU.ActiveCfg = Release|Any CPU
		{44038098-94FD-4911-B7EA-9072AEF31822}.Release|Any CPU.Build.0 = Release|Any CPU
		{AD9D527C-0F64-4E7D-B767-24C4E6FEDFB4}.Debug|Any CPU.ActiveCfg = Debug|Any CPU
		{AD9D527C-0F64-4E7D-B767-24C4E6FEDFB4}.Debug|Any CPU.Build.0 = Debug|Any CPU
		{AD9D527C-0F64-4E7D-B767-24C4E6FEDFB4}.Release|Any CPU.ActiveCfg = Release|Any CPU
		{AD9D527C-0F64-4E7D-B767-24C4E6FEDFB4}.Release|Any CPU.Build.0 = Release|Any CPU
		{D01C5E82-5119-4E85-A5E4-1E0D80E7C937}.Debug|Any CPU.ActiveCfg = Debug|Any CPU
		{D01C5E82-5119-4E85-A5E4-1E0D80E7C937}.Debug|Any CPU.Build.0 = Debug|Any CPU
		{D01C5E82-5119-4E85-A5E4-1E0D80E7C937}.Release|Any CPU.ActiveCfg = Release|Any CPU
		{D01C5E82-5119-4E85-A5E4-1E0D80E7C937}.Release|Any CPU.Build.0 = Release|Any CPU
		{048E0857-72B2-47FF-A288-BA14D9F5BBD9}.Debug|Any CPU.ActiveCfg = Debug|Any CPU
		{048E0857-72B2-47FF-A288-BA14D9F5BBD9}.Debug|Any CPU.Build.0 = Debug|Any CPU
		{048E0857-72B2-47FF-A288-BA14D9F5BBD9}.Release|Any CPU.ActiveCfg = Release|Any CPU
		{048E0857-72B2-47FF-A288-BA14D9F5BBD9}.Release|Any CPU.Build.0 = Release|Any CPU
		{825DF5DB-FE14-4031-B9F2-DA817785FD72}.Debug|Any CPU.ActiveCfg = Debug|Any CPU
		{825DF5DB-FE14-4031-B9F2-DA817785FD72}.Debug|Any CPU.Build.0 = Debug|Any CPU
		{825DF5DB-FE14-4031-B9F2-DA817785FD72}.Release|Any CPU.ActiveCfg = Release|Any CPU
		{825DF5DB-FE14-4031-B9F2-DA817785FD72}.Release|Any CPU.Build.0 = Release|Any CPU
		{10C1C3A2-AB02-4DF8-BC9D-E95642C7B2D5}.Debug|Any CPU.ActiveCfg = Debug|Any CPU
		{10C1C3A2-AB02-4DF8-BC9D-E95642C7B2D5}.Debug|Any CPU.Build.0 = Debug|Any CPU
		{10C1C3A2-AB02-4DF8-BC9D-E95642C7B2D5}.Release|Any CPU.ActiveCfg = Release|Any CPU
		{10C1C3A2-AB02-4DF8-BC9D-E95642C7B2D5}.Release|Any CPU.Build.0 = Release|Any CPU
		{CD851595-F158-4542-9058-3A0C134E0EB5}.Debug|Any CPU.ActiveCfg = Debug|Any CPU
		{CD851595-F158-4542-9058-3A0C134E0EB5}.Debug|Any CPU.Build.0 = Debug|Any CPU
		{CD851595-F158-4542-9058-3A0C134E0EB5}.Release|Any CPU.ActiveCfg = Release|Any CPU
		{CD851595-F158-4542-9058-3A0C134E0EB5}.Release|Any CPU.Build.0 = Release|Any CPU
		{65D475EE-64A4-460C-9B82-14457FEB4157}.Debug|Any CPU.ActiveCfg = Debug|Any CPU
		{65D475EE-64A4-460C-9B82-14457FEB4157}.Debug|Any CPU.Build.0 = Debug|Any CPU
		{65D475EE-64A4-460C-9B82-14457FEB4157}.Release|Any CPU.ActiveCfg = Release|Any CPU
		{65D475EE-64A4-460C-9B82-14457FEB4157}.Release|Any CPU.Build.0 = Release|Any CPU
		{CE88B040-774F-40D3-A654-E1600FECA1D0}.Debug|Any CPU.ActiveCfg = Debug|Any CPU
		{CE88B040-774F-40D3-A654-E1600FECA1D0}.Debug|Any CPU.Build.0 = Debug|Any CPU
		{CE88B040-774F-40D3-A654-E1600FECA1D0}.Release|Any CPU.ActiveCfg = Release|Any CPU
		{CE88B040-774F-40D3-A654-E1600FECA1D0}.Release|Any CPU.Build.0 = Release|Any CPU
		{67D45CAB-756C-457E-9B3D-C4DE981533D8}.Debug|Any CPU.ActiveCfg = Debug|Any CPU
		{67D45CAB-756C-457E-9B3D-C4DE981533D8}.Debug|Any CPU.Build.0 = Debug|Any CPU
		{67D45CAB-756C-457E-9B3D-C4DE981533D8}.Release|Any CPU.ActiveCfg = Release|Any CPU
		{67D45CAB-756C-457E-9B3D-C4DE981533D8}.Release|Any CPU.Build.0 = Release|Any CPU
		{6E54F9EF-00BE-40CC-B6F5-42F205E59F06}.Debug|Any CPU.ActiveCfg = Debug|Any CPU
		{6E54F9EF-00BE-40CC-B6F5-42F205E59F06}.Debug|Any CPU.Build.0 = Debug|Any CPU
		{6E54F9EF-00BE-40CC-B6F5-42F205E59F06}.Release|Any CPU.ActiveCfg = Release|Any CPU
		{6E54F9EF-00BE-40CC-B6F5-42F205E59F06}.Release|Any CPU.Build.0 = Release|Any CPU
		{367F8ADA-8149-49F4-B346-78AAF715E71B}.Debug|Any CPU.ActiveCfg = Debug|Any CPU
		{367F8ADA-8149-49F4-B346-78AAF715E71B}.Debug|Any CPU.Build.0 = Debug|Any CPU
		{367F8ADA-8149-49F4-B346-78AAF715E71B}.Release|Any CPU.ActiveCfg = Release|Any CPU
		{367F8ADA-8149-49F4-B346-78AAF715E71B}.Release|Any CPU.Build.0 = Release|Any CPU
	EndGlobalSection
	GlobalSection(SolutionProperties) = preSolution
		HideSolutionNode = FALSE
	EndGlobalSection
	GlobalSection(NestedProjects) = preSolution
		{BDCB19CC-B3C0-43BA-A42E-5C72D1617F7F} = {D89A15DE-C520-458D-96AC-B8F74F5A2EDA}
		{D7A35591-9926-42D0-83AB-2FE1BD746702} = {D89A15DE-C520-458D-96AC-B8F74F5A2EDA}
		{727EEDF2-706C-4D4B-B5FE-A1C76493104D} = {D89A15DE-C520-458D-96AC-B8F74F5A2EDA}
		{3D71030F-550D-4A8F-9EB3-081FEF7B5AD6} = {149E3DAC-A14A-418F-ABCF-B143ABACD3C6}
		{7479668F-5899-45DE-93CA-EC1C1515507A} = {149E3DAC-A14A-418F-ABCF-B143ABACD3C6}
		{C022C844-CFE3-4A5F-ABFF-397AC7410967} = {149E3DAC-A14A-418F-ABCF-B143ABACD3C6}
		{44038098-94FD-4911-B7EA-9072AEF31822} = {F4CA0142-1F7F-4E43-AEE2-B14574C63979}
		{AD9D527C-0F64-4E7D-B767-24C4E6FEDFB4} = {F4CA0142-1F7F-4E43-AEE2-B14574C63979}
		{D01C5E82-5119-4E85-A5E4-1E0D80E7C937} = {F4CA0142-1F7F-4E43-AEE2-B14574C63979}
		{048E0857-72B2-47FF-A288-BA14D9F5BBD9} = {41E3AEC4-66AE-4A8C-9F8F-45A9E4106AAD}
		{825DF5DB-FE14-4031-B9F2-DA817785FD72} = {41E3AEC4-66AE-4A8C-9F8F-45A9E4106AAD}
		{10C1C3A2-AB02-4DF8-BC9D-E95642C7B2D5} = {41E3AEC4-66AE-4A8C-9F8F-45A9E4106AAD}
		{CD851595-F158-4542-9058-3A0C134E0EB5} = {A25AABCF-C963-42CB-BAC5-8D0ED83D76F9}
		{65D475EE-64A4-460C-9B82-14457FEB4157} = {A25AABCF-C963-42CB-BAC5-8D0ED83D76F9}
		{CE88B040-774F-40D3-A654-E1600FECA1D0} = {A25AABCF-C963-42CB-BAC5-8D0ED83D76F9}
		{67D45CAB-756C-457E-9B3D-C4DE981533D8} = {C95D0502-43B3-4BAE-99EA-6DF1D320D7BE}
		{6E54F9EF-00BE-40CC-B6F5-42F205E59F06} = {C95D0502-43B3-4BAE-99EA-6DF1D320D7BE}
		{367F8ADA-8149-49F4-B346-78AAF715E71B} = {C95D0502-43B3-4BAE-99EA-6DF1D320D7BE}
	EndGlobalSection
	GlobalSection(ExtensibilityGlobals) = postSolution
		SolutionGuid = {45FB4756-8962-4968-BF00-6F35EEC2F28B}
	EndGlobalSection
EndGlobal
